PODS:
  - Alamofire (4.3.0)
  - MJExtension (3.0.13)

DEPENDENCIES:
  - Alamofire
  - MJExtension

SPEC CHECKSUMS:
  Alamofire: 856a113053a7bc9cbe5d6367a555d773fc5cfef7
  MJExtension: 5932755f451458eefa24239358817f8d291240c7

PODFILE CHECKSUM: 75301fb03d2f6f331a1960c09e141f4ffe8ee086

COCOAPODS: 1.1.1
