// !$*UTF8*$!
{
	archiveVersion = 1;
	classes = {
	};
	objectVersion = 46;
	objects = {

/* Begin PBXBuildFile section */
		BF621F8A1EF16A13005895F0 /* AppDelegate.swift in Sources */ = {isa = PBXBuildFile; fileRef = BF621F891EF16A13005895F0 /* AppDelegate.swift */; };
		BF621F8F1EF16A13005895F0 /* Main.storyboard in Resources */ = {isa = PBXBuildFile; fileRef = BF621F8D1EF16A13005895F0 /* Main.storyboard */; };
		BF621F911EF16A13005895F0 /* Assets.xcassets in Resources */ = {isa = PBXBuildFile; fileRef = BF621F901EF16A13005895F0 /* Assets.xcassets */; };
		BF621F941EF16A13005895F0 /* LaunchScreen.storyboard in Resources */ = {isa = PBXBuildFile; fileRef = BF621F921EF16A13005895F0 /* LaunchScreen.storyboard */; };
		BF621FB21EF17CEF005895F0 /* Home.storyboard in Resources */ = {isa = PBXBuildFile; fileRef = BF621FB01EF17CEF005895F0 /* Home.storyboard */; };
		BF621FB51EF17D03005895F0 /* Live.storyboard in Resources */ = {isa = PBXBuildFile; fileRef = BF621FB31EF17D03005895F0 /* Live.storyboard */; };
		BF621FB81EF17D19005895F0 /* Follow.storyboard in Resources */ = {isa = PBXBuildFile; fileRef = BF621FB61EF17D19005895F0 /* Follow.storyboard */; };
		BF621FBB1EF17D29005895F0 /* Profile.storyboard in Resources */ = {isa = PBXBuildFile; fileRef = BF621FB91EF17D29005895F0 /* Profile.storyboard */; };
		BF62FCBD1EFC0C0F0013D55E /* Discovery.storyboard in Resources */ = {isa = PBXBuildFile; fileRef = BF62FCBC1EFC0C0F0013D55E /* Discovery.storyboard */; };
		BF62FCBF1EFC0D0A0013D55E /* SearchView.swift in Sources */ = {isa = PBXBuildFile; fileRef = BF62FCBE1EFC0D0A0013D55E /* SearchView.swift */; };
		BF62FCC11EFC0D1C0013D55E /* SearchView.xib in Resources */ = {isa = PBXBuildFile; fileRef = BF62FCC01EFC0D1C0013D55E /* SearchView.xib */; };
		BF62FCC31EFC116F0013D55E /* RecommendViewController.swift in Sources */ = {isa = PBXBuildFile; fileRef = BF62FCC21EFC116F0013D55E /* RecommendViewController.swift */; };
		BF62FCC61EFC180D0013D55E /* CollectionHeaderView.swift in Sources */ = {isa = PBXBuildFile; fileRef = BF62FCC41EFC180D0013D55E /* CollectionHeaderView.swift */; };
		BF62FCC71EFC180D0013D55E /* CollectionHeaderView.xib in Resources */ = {isa = PBXBuildFile; fileRef = BF62FCC51EFC180D0013D55E /* CollectionHeaderView.xib */; };
		BF62FCCA1EFC1F680013D55E /* CollectionNormalCell.swift in Sources */ = {isa = PBXBuildFile; fileRef = BF62FCC81EFC1F680013D55E /* CollectionNormalCell.swift */; };
		BF62FCCB1EFC1F680013D55E /* CollectionNormalCell.xib in Resources */ = {isa = PBXBuildFile; fileRef = BF62FCC91EFC1F680013D55E /* CollectionNormalCell.xib */; };
		BF62FCCE1EFD411C0013D55E /* CollectionPrettyCell.swift in Sources */ = {isa = PBXBuildFile; fileRef = BF62FCCC1EFD411C0013D55E /* CollectionPrettyCell.swift */; };
		BF62FCCF1EFD411C0013D55E /* CollectionPrettyCell.xib in Resources */ = {isa = PBXBuildFile; fileRef = BF62FCCD1EFD411C0013D55E /* CollectionPrettyCell.xib */; };
		BFED7B711EF2CB670077350F /* MainViewController.swift in Sources */ = {isa = PBXBuildFile; fileRef = BFED7B701EF2CB670077350F /* MainViewController.swift */; };
		BFED7B731EF2CB9D0077350F /* HomeViewController.swift in Sources */ = {isa = PBXBuildFile; fileRef = BFED7B721EF2CB9D0077350F /* HomeViewController.swift */; };
		BFED7B791EF2DC3B0077350F /* UIBarButton-Extension.swift in Sources */ = {isa = PBXBuildFile; fileRef = BFED7B781EF2DC3B0077350F /* UIBarButton-Extension.swift */; };
		BFED7B7B1EF2DC840077350F /* PageTitleView.swift in Sources */ = {isa = PBXBuildFile; fileRef = BFED7B7A1EF2DC840077350F /* PageTitleView.swift */; };
		BFED7B7F1EF2DE210077350F /* Common.swift in Sources */ = {isa = PBXBuildFile; fileRef = BFED7B7E1EF2DE210077350F /* Common.swift */; };
		BFED7B811EF2E6BA0077350F /* PageContentView.swift in Sources */ = {isa = PBXBuildFile; fileRef = BFED7B801EF2E6BA0077350F /* PageContentView.swift */; };
		BFED7B831EF2E8C40077350F /* UIColor-Extension.swift in Sources */ = {isa = PBXBuildFile; fileRef = BFED7B821EF2E8C40077350F /* UIColor-Extension.swift */; };
/* End PBXBuildFile section */

/* Begin PBXFileReference section */
		BF621F861EF16A13005895F0 /* DFishTV.app */ = {isa = PBXFileReference; explicitFileType = wrapper.application; includeInIndex = 0; path = DFishTV.app; sourceTree = BUILT_PRODUCTS_DIR; };
		BF621F891EF16A13005895F0 /* AppDelegate.swift */ = {isa = PBXFileReference; lastKnownFileType = sourcecode.swift; path = AppDelegate.swift; sourceTree = "<group>"; };
		BF621F8E1EF16A13005895F0 /* Base */ = {isa = PBXFileReference; lastKnownFileType = file.storyboard; name = Base; path = Base.lproj/Main.storyboard; sourceTree = "<group>"; };
		BF621F901EF16A13005895F0 /* Assets.xcassets */ = {isa = PBXFileReference; lastKnownFileType = folder.assetcatalog; path = Assets.xcassets; sourceTree = "<group>"; };
		BF621F931EF16A13005895F0 /* Base */ = {isa = PBXFileReference; lastKnownFileType = file.storyboard; name = Base; path = Base.lproj/LaunchScreen.storyboard; sourceTree = "<group>"; };
		BF621F951EF16A13005895F0 /* Info.plist */ = {isa = PBXFileReference; lastKnownFileType = text.plist.xml; path = Info.plist; sourceTree = "<group>"; };
		BF621FB11EF17CEF005895F0 /* Base */ = {isa = PBXFileReference; lastKnownFileType = file.storyboard; name = Base; path = DFishTV/Base.lproj/Home.storyboard; sourceTree = SOURCE_ROOT; };
		BF621FB41EF17D03005895F0 /* Base */ = {isa = PBXFileReference; lastKnownFileType = file.storyboard; name = Base; path = DFishTV/Base.lproj/Live.storyboard; sourceTree = SOURCE_ROOT; };
		BF621FB71EF17D19005895F0 /* Base */ = {isa = PBXFileReference; lastKnownFileType = file.storyboard; name = Base; path = DFishTV/Base.lproj/Follow.storyboard; sourceTree = SOURCE_ROOT; };
		BF621FBA1EF17D29005895F0 /* Base */ = {isa = PBXFileReference; lastKnownFileType = file.storyboard; name = Base; path = DFishTV/Base.lproj/Profile.storyboard; sourceTree = SOURCE_ROOT; };
		BF62FCBC1EFC0C0F0013D55E /* Discovery.storyboard */ = {isa = PBXFileReference; fileEncoding = 4; lastKnownFileType = file.storyboard; path = Discovery.storyboard; sourceTree = "<group>"; };
		BF62FCBE1EFC0D0A0013D55E /* SearchView.swift */ = {isa = PBXFileReference; fileEncoding = 4; lastKnownFileType = sourcecode.swift; path = SearchView.swift; sourceTree = "<group>"; };
		BF62FCC01EFC0D1C0013D55E /* SearchView.xib */ = {isa = PBXFileReference; fileEncoding = 4; lastKnownFileType = file.xib; path = SearchView.xib; sourceTree = "<group>"; };
		BF62FCC21EFC116F0013D55E /* RecommendViewController.swift */ = {isa = PBXFileReference; fileEncoding = 4; lastKnownFileType = sourcecode.swift; path = RecommendViewController.swift; sourceTree = "<group>"; };
		BF62FCC41EFC180D0013D55E /* CollectionHeaderView.swift */ = {isa = PBXFileReference; fileEncoding = 4; lastKnownFileType = sourcecode.swift; path = CollectionHeaderView.swift; sourceTree = "<group>"; };
		BF62FCC51EFC180D0013D55E /* CollectionHeaderView.xib */ = {isa = PBXFileReference; fileEncoding = 4; lastKnownFileType = file.xib; path = CollectionHeaderView.xib; sourceTree = "<group>"; };
		BF62FCC81EFC1F680013D55E /* CollectionNormalCell.swift */ = {isa = PBXFileReference; fileEncoding = 4; lastKnownFileType = sourcecode.swift; name = CollectionNormalCell.swift; path = DFishTV/Classes/Main/View/CollectionNormalCell.swift; sourceTree = SOURCE_ROOT; };
		BF62FCC91EFC1F680013D55E /* CollectionNormalCell.xib */ = {isa = PBXFileReference; fileEncoding = 4; lastKnownFileType = file.xib; name = CollectionNormalCell.xib; path = DFishTV/Classes/Main/View/CollectionNormalCell.xib; sourceTree = SOURCE_ROOT; };
		BF62FCCC1EFD411C0013D55E /* CollectionPrettyCell.swift */ = {isa = PBXFileReference; fileEncoding = 4; lastKnownFileType = sourcecode.swift; path = CollectionPrettyCell.swift; sourceTree = "<group>"; };
		BF62FCCD1EFD411C0013D55E /* CollectionPrettyCell.xib */ = {isa = PBXFileReference; fileEncoding = 4; lastKnownFileType = file.xib; path = CollectionPrettyCell.xib; sourceTree = "<group>"; };
		BFED7B701EF2CB670077350F /* MainViewController.swift */ = {isa = PBXFileReference; fileEncoding = 4; lastKnownFileType = sourcecode.swift; name = MainViewController.swift; path = DFishTV/Classes/Main/Controller/MainViewController.swift; sourceTree = SOURCE_ROOT; };
		BFED7B721EF2CB9D0077350F /* HomeViewController.swift */ = {isa = PBXFileReference; fileEncoding = 4; lastKnownFileType = sourcecode.swift; path = HomeViewController.swift; sourceTree = "<group>"; };
		BFED7B781EF2DC3B0077350F /* UIBarButton-Extension.swift */ = {isa = PBXFileReference; fileEncoding = 4; lastKnownFileType = sourcecode.swift; path = "UIBarButton-Extension.swift"; sourceTree = "<group>"; };
		BFED7B7A1EF2DC840077350F /* PageTitleView.swift */ = {isa = PBXFileReference; fileEncoding = 4; lastKnownFileType = sourcecode.swift; name = PageTitleView.swift; path = DFishTV/Classes/Main/View/PageTitleView.swift; sourceTree = SOURCE_ROOT; };
		BFED7B7E1EF2DE210077350F /* Common.swift */ = {isa = PBXFileReference; fileEncoding = 4; lastKnownFileType = sourcecode.swift; path = Common.swift; sourceTree = "<group>"; };
		BFED7B801EF2E6BA0077350F /* PageContentView.swift */ = {isa = PBXFileReference; fileEncoding = 4; lastKnownFileType = sourcecode.swift; name = PageContentView.swift; path = DFishTV/Classes/Main/View/PageContentView.swift; sourceTree = SOURCE_ROOT; };
		BFED7B821EF2E8C40077350F /* UIColor-Extension.swift */ = {isa = PBXFileReference; fileEncoding = 4; lastKnownFileType = sourcecode.swift; path = "UIColor-Extension.swift"; sourceTree = "<group>"; };
/* End PBXFileReference section */

/* Begin PBXFrameworksBuildPhase section */
		BF621F831EF16A13005895F0 /* Frameworks */ = {
			isa = PBXFrameworksBuildPhase;
			buildActionMask = 2147483647;
			files = (
			);
			runOnlyForDeploymentPostprocessing = 0;
		};
/* End PBXFrameworksBuildPhase section */

/* Begin PBXGroup section */
		BF621F7D1EF16A13005895F0 = {
			isa = PBXGroup;
			children = (
				BF621F881EF16A13005895F0 /* DFishTV */,
				BF621F871EF16A13005895F0 /* Products */,
			);
			sourceTree = "<group>";
		};
		BF621F871EF16A13005895F0 /* Products */ = {
			isa = PBXGroup;
			children = (
				BF621F861EF16A13005895F0 /* DFishTV.app */,
			);
			name = Products;
			sourceTree = "<group>";
		};
		BF621F881EF16A13005895F0 /* DFishTV */ = {
			isa = PBXGroup;
			children = (
				BF621F891EF16A13005895F0 /* AppDelegate.swift */,
				BF621F9B1EF17270005895F0 /* Classes */,
				BF621F901EF16A13005895F0 /* Assets.xcassets */,
				BF621F921EF16A13005895F0 /* LaunchScreen.storyboard */,
				BF621F951EF16A13005895F0 /* Info.plist */,
			);
			path = DFishTV;
			sourceTree = "<group>";
		};
		BF621F9B1EF17270005895F0 /* Classes */ = {
			isa = PBXGroup;
			children = (
				BFED7B741EF2D4360077350F /* Tools */,
				BF621F9F1EF17270005895F0 /* Main */,
				BF621F9D1EF17270005895F0 /* Home */,
				BF621F9E1EF17270005895F0 /* Live */,
				BF621F9C1EF17270005895F0 /* Follow */,
				BF62FCB91EFC0B4D0013D55E /* Discovery */,
				BF621FA01EF17270005895F0 /* Profile */,
			);
			path = Classes;
			sourceTree = "<group>";
		};
		BF621F9C1EF17270005895F0 /* Follow */ = {
			isa = PBXGroup;
			children = (
				BF621FB61EF17D19005895F0 /* Follow.storyboard */,
			);
			path = Follow;
			sourceTree = "<group>";
		};
		BF621F9D1EF17270005895F0 /* Home */ = {
			isa = PBXGroup;
			children = (
				BFED7B6B1EF2CAB80077350F /* Model */,
				BFED7B6C1EF2CAB80077350F /* View */,
				BFED7B6A1EF2CAB80077350F /* Controller */,
			);
			path = Home;
			sourceTree = "<group>";
		};
		BF621F9E1EF17270005895F0 /* Live */ = {
			isa = PBXGroup;
			children = (
				BF621FB31EF17D03005895F0 /* Live.storyboard */,
			);
			path = Live;
			sourceTree = "<group>";
		};
		BF621F9F1EF17270005895F0 /* Main */ = {
			isa = PBXGroup;
			children = (
				BFED7B6E1EF2CAE80077350F /* Model */,
				BFED7B6F1EF2CAE80077350F /* View */,
				BFED7B6D1EF2CAE80077350F /* Controller */,
			);
			path = Main;
			sourceTree = "<group>";
		};
		BF621FA01EF17270005895F0 /* Profile */ = {
			isa = PBXGroup;
			children = (
				BF621FB91EF17D29005895F0 /* Profile.storyboard */,
			);
			path = Profile;
			sourceTree = "<group>";
		};
		BF62FCB91EFC0B4D0013D55E /* Discovery */ = {
			isa = PBXGroup;
			children = (
				BF62FCBC1EFC0C0F0013D55E /* Discovery.storyboard */,
			);
			path = Discovery;
			sourceTree = "<group>";
		};
		BFED7B6A1EF2CAB80077350F /* Controller */ = {
			isa = PBXGroup;
			children = (
				BF621FB01EF17CEF005895F0 /* Home.storyboard */,
				BFED7B721EF2CB9D0077350F /* HomeViewController.swift */,
				BF62FCC21EFC116F0013D55E /* RecommendViewController.swift */,
			);
			path = Controller;
			sourceTree = "<group>";
		};
		BFED7B6B1EF2CAB80077350F /* Model */ = {
			isa = PBXGroup;
			children = (
			);
			path = Model;
			sourceTree = "<group>";
		};
		BFED7B6C1EF2CAB80077350F /* View */ = {
			isa = PBXGroup;
			children = (
				BF62FCBE1EFC0D0A0013D55E /* SearchView.swift */,
				BF62FCC01EFC0D1C0013D55E /* SearchView.xib */,
				BF62FCC41EFC180D0013D55E /* CollectionHeaderView.swift */,
				BF62FCC51EFC180D0013D55E /* CollectionHeaderView.xib */,
			);
			path = View;
			sourceTree = "<group>";
		};
		BFED7B6D1EF2CAE80077350F /* Controller */ = {
			isa = PBXGroup;
			children = (
				BFED7B701EF2CB670077350F /* MainViewController.swift */,
				BF621F8D1EF16A13005895F0 /* Main.storyboard */,
			);
			name = Controller;
			path = controller;
			sourceTree = "<group>";
		};
		BFED7B6E1EF2CAE80077350F /* Model */ = {
			isa = PBXGroup;
			children = (
			);
			name = Model;
			path = model;
			sourceTree = "<group>";
		};
		BFED7B6F1EF2CAE80077350F /* View */ = {
			isa = PBXGroup;
			children = (
				BFED7B7A1EF2DC840077350F /* PageTitleView.swift */,
				BFED7B801EF2E6BA0077350F /* PageContentView.swift */,
				BF62FCC81EFC1F680013D55E /* CollectionNormalCell.swift */,
				BF62FCC91EFC1F680013D55E /* CollectionNormalCell.xib */,
				BF62FCCC1EFD411C0013D55E /* CollectionPrettyCell.swift */,
				BF62FCCD1EFD411C0013D55E /* CollectionPrettyCell.xib */,
			);
			name = View;
			path = view;
			sourceTree = "<group>";
		};
		BFED7B741EF2D4360077350F /* Tools */ = {
			isa = PBXGroup;
			children = (
				BFED7B751EF2D4360077350F /* Extension */,
				BFED7B7E1EF2DE210077350F /* Common.swift */,
			);
			path = Tools;
			sourceTree = "<group>";
		};
		BFED7B751EF2D4360077350F /* Extension */ = {
			isa = PBXGroup;
			children = (
				BFED7B781EF2DC3B0077350F /* UIBarButton-Extension.swift */,
				BFED7B821EF2E8C40077350F /* UIColor-Extension.swift */,
			);
			path = Extension;
			sourceTree = "<group>";
		};
/* End PBXGroup section */

/* Begin PBXNativeTarget section */
		BF621F851EF16A13005895F0 /* DFishTV */ = {
			isa = PBXNativeTarget;
			buildConfigurationList = BF621F981EF16A13005895F0 /* Build configuration list for PBXNativeTarget "DFishTV" */;
			buildPhases = (
				BF621F821EF16A13005895F0 /* Sources */,
				BF621F831EF16A13005895F0 /* Frameworks */,
				BF621F841EF16A13005895F0 /* Resources */,
			);
			buildRules = (
			);
			dependencies = (
			);
			name = DFishTV;
			productName = DFishTV;
			productReference = BF621F861EF16A13005895F0 /* DFishTV.app */;
			productType = "com.apple.product-type.application";
		};
/* End PBXNativeTarget section */

/* Begin PBXProject section */
		BF621F7E1EF16A13005895F0 /* Project object */ = {
			isa = PBXProject;
			attributes = {
				LastSwiftUpdateCheck = 0830;
				LastUpgradeCheck = 0830;
				ORGANIZATIONNAME = "张海勇";
				TargetAttributes = {
					BF621F851EF16A13005895F0 = {
						CreatedOnToolsVersion = 8.3;
						DevelopmentTeam = X37H2A9PP3;
						ProvisioningStyle = Automatic;
					};
				};
			};
			buildConfigurationList = BF621F811EF16A13005895F0 /* Build configuration list for PBXProject "DFishTV" */;
			compatibilityVersion = "Xcode 3.2";
			developmentRegion = English;
			hasScannedForEncodings = 0;
			knownRegions = (
				en,
				Base,
			);
			mainGroup = BF621F7D1EF16A13005895F0;
			productRefGroup = BF621F871EF16A13005895F0 /* Products */;
			projectDirPath = "";
			projectRoot = "";
			targets = (
				BF621F851EF16A13005895F0 /* DFishTV */,
			);
		};
/* End PBXProject section */

/* Begin PBXResourcesBuildPhase section */
		BF621F841EF16A13005895F0 /* Resources */ = {
			isa = PBXResourcesBuildPhase;
			buildActionMask = 2147483647;
			files = (
				BF621F941EF16A13005895F0 /* LaunchScreen.storyboard in Resources */,
				BF62FCCF1EFD411C0013D55E /* CollectionPrettyCell.xib in Resources */,
				BF62FCCB1EFC1F680013D55E /* CollectionNormalCell.xib in Resources */,
				BF621F911EF16A13005895F0 /* Assets.xcassets in Resources */,
				BF621F8F1EF16A13005895F0 /* Main.storyboard in Resources */,
				BF62FCC71EFC180D0013D55E /* CollectionHeaderView.xib in Resources */,
				BF62FCBD1EFC0C0F0013D55E /* Discovery.storyboard in Resources */,
				BF621FB51EF17D03005895F0 /* Live.storyboard in Resources */,
				BF62FCC11EFC0D1C0013D55E /* SearchView.xib in Resources */,
				BF621FB21EF17CEF005895F0 /* Home.storyboard in Resources */,
				BF621FBB1EF17D29005895F0 /* Profile.storyboard in Resources */,
				BF621FB81EF17D19005895F0 /* Follow.storyboard in Resources */,
			);
			runOnlyForDeploymentPostprocessing = 0;
		};
/* End PBXResourcesBuildPhase section */

/* Begin PBXSourcesBuildPhase section */
		BF621F821EF16A13005895F0 /* Sources */ = {
			isa = PBXSourcesBuildPhase;
			buildActionMask = 2147483647;
			files = (
				BF62FCBF1EFC0D0A0013D55E /* SearchView.swift in Sources */,
				BF62FCC61EFC180D0013D55E /* CollectionHeaderView.swift in Sources */,
				BF621F8A1EF16A13005895F0 /* AppDelegate.swift in Sources */,
				BFED7B831EF2E8C40077350F /* UIColor-Extension.swift in Sources */,
				BFED7B711EF2CB670077350F /* MainViewController.swift in Sources */,
				BFED7B7B1EF2DC840077350F /* PageTitleView.swift in Sources */,
				BFED7B811EF2E6BA0077350F /* PageContentView.swift in Sources */,
				BFED7B731EF2CB9D0077350F /* HomeViewController.swift in Sources */,
				BFED7B7F1EF2DE210077350F /* Common.swift in Sources */,
				BFED7B791EF2DC3B0077350F /* UIBarButton-Extension.swift in Sources */,
				BF62FCCE1EFD411C0013D55E /* CollectionPrettyCell.swift in Sources */,
				BF62FCCA1EFC1F680013D55E /* CollectionNormalCell.swift in Sources */,
				BF62FCC31EFC116F0013D55E /* RecommendViewController.swift in Sources */,
			);
			runOnlyForDeploymentPostprocessing = 0;
		};
/* End PBXSourcesBuildPhase section */

/* Begin PBXVariantGroup section */
		BF621F8D1EF16A13005895F0 /* Main.storyboard */ = {
			isa = PBXVariantGroup;
			children = (
				BF621F8E1EF16A13005895F0 /* Base */,
			);
			name = Main.storyboard;
			path = ../../..;
			sourceTree = "<group>";
		};
		BF621F921EF16A13005895F0 /* LaunchScreen.storyboard */ = {
			isa = PBXVariantGroup;
			children = (
				BF621F931EF16A13005895F0 /* Base */,
			);
			name = LaunchScreen.storyboard;
			sourceTree = "<group>";
		};
		BF621FB01EF17CEF005895F0 /* Home.storyboard */ = {
			isa = PBXVariantGroup;
			children = (
				BF621FB11EF17CEF005895F0 /* Base */,
			);
			name = Home.storyboard;
			path = ../../Main;
			sourceTree = "<group>";
		};
		BF621FB31EF17D03005895F0 /* Live.storyboard */ = {
			isa = PBXVariantGroup;
			children = (
				BF621FB41EF17D03005895F0 /* Base */,
			);
			name = Live.storyboard;
			path = ../Main;
			sourceTree = "<group>";
		};
		BF621FB61EF17D19005895F0 /* Follow.storyboard */ = {
			isa = PBXVariantGroup;
			children = (
				BF621FB71EF17D19005895F0 /* Base */,
			);
			name = Follow.storyboard;
			path = ../Main;
			sourceTree = "<group>";
		};
		BF621FB91EF17D29005895F0 /* Profile.storyboard */ = {
			isa = PBXVariantGroup;
			children = (
				BF621FBA1EF17D29005895F0 /* Base */,
			);
			name = Profile.storyboard;
			path = ../Main;
			sourceTree = "<group>";
		};
/* End PBXVariantGroup section */

/* Begin XCBuildConfiguration section */
		BF621F961EF16A13005895F0 /* Debug */ = {
			isa = XCBuildConfiguration;
			buildSettings = {
				ALWAYS_SEARCH_USER_PATHS = NO;
				CLANG_ANALYZER_NONNULL = YES;
				CLANG_ANALYZER_NUMBER_OBJECT_CONVERSION = YES_AGGRESSIVE;
				CLANG_CXX_LANGUAGE_STANDARD = "gnu++0x";
				CLANG_CXX_LIBRARY = "libc++";
				CLANG_ENABLE_MODULES = YES;
				CLANG_ENABLE_OBJC_ARC = YES;
				CLANG_WARN_BOOL_CONVERSION = YES;
				CLANG_WARN_CONSTANT_CONVERSION = YES;
				CLANG_WARN_DIRECT_OBJC_ISA_USAGE = YES_ERROR;
				CLANG_WARN_DOCUMENTATION_COMMENTS = YES;
				CLANG_WARN_EMPTY_BODY = YES;
				CLANG_WARN_ENUM_CONVERSION = YES;
				CLANG_WARN_INFINITE_RECURSION = YES;
				CLANG_WARN_INT_CONVERSION = YES;
				CLANG_WARN_OBJC_ROOT_CLASS = YES_ERROR;
				CLANG_WARN_SUSPICIOUS_MOVE = YES;
				CLANG_WARN_UNREACHABLE_CODE = YES;
				CLANG_WARN__DUPLICATE_METHOD_MATCH = YES;
				"CODE_SIGN_IDENTITY[sdk=iphoneos*]" = "iPhone Developer";
				COPY_PHASE_STRIP = NO;
				DEBUG_INFORMATION_FORMAT = dwarf;
				ENABLE_STRICT_OBJC_MSGSEND = YES;
				ENABLE_TESTABILITY = YES;
				GCC_C_LANGUAGE_STANDARD = gnu99;
				GCC_DYNAMIC_NO_PIC = NO;
				GCC_NO_COMMON_BLOCKS = YES;
				GCC_OPTIMIZATION_LEVEL = 0;
				GCC_PREPROCESSOR_DEFINITIONS = (
					"DEBUG=1",
					"$(inherited)",
				);
				GCC_WARN_64_TO_32_BIT_CONVERSION = YES;
				GCC_WARN_ABOUT_RETURN_TYPE = YES_ERROR;
				GCC_WARN_UNDECLARED_SELECTOR = YES;
				GCC_WARN_UNINITIALIZED_AUTOS = YES_AGGRESSIVE;
				GCC_WARN_UNUSED_FUNCTION = YES;
				GCC_WARN_UNUSED_VARIABLE = YES;
				IPHONEOS_DEPLOYMENT_TARGET = 8.0;
				MTL_ENABLE_DEBUG_INFO = YES;
				ONLY_ACTIVE_ARCH = YES;
				SDKROOT = iphoneos;
				SWIFT_ACTIVE_COMPILATION_CONDITIONS = DEBUG;
				SWIFT_OPTIMIZATION_LEVEL = "-Onone";
				TARGETED_DEVICE_FAMILY = "1,2";
			};
			name = Debug;
		};
		BF621F971EF16A13005895F0 /* Release */ = {
			isa = XCBuildConfiguration;
			buildSettings = {
				ALWAYS_SEARCH_USER_PATHS = NO;
				CLANG_ANALYZER_NONNULL = YES;
				CLANG_ANALYZER_NUMBER_OBJECT_CONVERSION = YES_AGGRESSIVE;
				CLANG_CXX_LANGUAGE_STANDARD = "gnu++0x";
				CLANG_CXX_LIBRARY = "libc++";
				CLANG_ENABLE_MODULES = YES;
				CLANG_ENABLE_OBJC_ARC = YES;
				CLANG_WARN_BOOL_CONVERSION = YES;
				CLANG_WARN_CONSTANT_CONVERSION = YES;
				CLANG_WARN_DIRECT_OBJC_ISA_USAGE = YES_ERROR;
				CLANG_WARN_DOCUMENTATION_COMMENTS = YES;
				CLANG_WARN_EMPTY_BODY = YES;
				CLANG_WARN_ENUM_CONVERSION = YES;
				CLANG_WARN_INFINITE_RECURSION = YES;
				CLANG_WARN_INT_CONVERSION = YES;
				CLANG_WARN_OBJC_ROOT_CLASS = YES_ERROR;
				CLANG_WARN_SUSPICIOUS_MOVE = YES;
				CLANG_WARN_UNREACHABLE_CODE = YES;
				CLANG_WARN__DUPLICATE_METHOD_MATCH = YES;
				"CODE_SIGN_IDENTITY[sdk=iphoneos*]" = "iPhone Developer";
				COPY_PHASE_STRIP = NO;
				DEBUG_INFORMATION_FORMAT = "dwarf-with-dsym";
				ENABLE_NS_ASSERTIONS = NO;
				ENABLE_STRICT_OBJC_MSGSEND = YES;
				GCC_C_LANGUAGE_STANDARD = gnu99;
				GCC_NO_COMMON_BLOCKS = YES;
				GCC_WARN_64_TO_32_BIT_CONVERSION = YES;
				GCC_WARN_ABOUT_RETURN_TYPE = YES_ERROR;
				GCC_WARN_UNDECLARED_SELECTOR = YES;
				GCC_WARN_UNINITIALIZED_AUTOS = YES_AGGRESSIVE;
				GCC_WARN_UNUSED_FUNCTION = YES;
				GCC_WARN_UNUSED_VARIABLE = YES;
				IPHONEOS_DEPLOYMENT_TARGET = 8.0;
				MTL_ENABLE_DEBUG_INFO = NO;
				SDKROOT = iphoneos;
				SWIFT_OPTIMIZATION_LEVEL = "-Owholemodule";
				TARGETED_DEVICE_FAMILY = "1,2";
				VALIDATE_PRODUCT = YES;
			};
			name = Release;
		};
		BF621F991EF16A13005895F0 /* Debug */ = {
			isa = XCBuildConfiguration;
			buildSettings = {
				ASSETCATALOG_COMPILER_APPICON_NAME = AppIcon;
				ASSETCATALOG_COMPILER_LAUNCHIMAGE_NAME = LaunchImage;
				DEVELOPMENT_TEAM = X37H2A9PP3;
				INFOPLIST_FILE = DFishTV/Info.plist;
				IPHONEOS_DEPLOYMENT_TARGET = 8.0;
				LD_RUNPATH_SEARCH_PATHS = "$(inherited) @executable_path/Frameworks";
				PRODUCT_BUNDLE_IDENTIFIER = com.zhanghaiyong;
				PRODUCT_NAME = "$(TARGET_NAME)";
				SWIFT_VERSION = 3.0;
				TARGETED_DEVICE_FAMILY = 1;
			};
			name = Debug;
		};
		BF621F9A1EF16A13005895F0 /* Release */ = {
			isa = XCBuildConfiguration;
			buildSettings = {
				ASSETCATALOG_COMPILER_APPICON_NAME = AppIcon;
				ASSETCATALOG_COMPILER_LAUNCHIMAGE_NAME = LaunchImage;
				DEVELOPMENT_TEAM = X37H2A9PP3;
				INFOPLIST_FILE = DFishTV/Info.plist;
				IPHONEOS_DEPLOYMENT_TARGET = 8.0;
				LD_RUNPATH_SEARCH_PATHS = "$(inherited) @executable_path/Frameworks";
				PRODUCT_BUNDLE_IDENTIFIER = com.zhanghaiyong;
				PRODUCT_NAME = "$(TARGET_NAME)";
				SWIFT_VERSION = 3.0;
				TARGETED_DEVICE_FAMILY = 1;
			};
			name = Release;
		};
/* End XCBuildConfiguration section */

/* Begin XCConfigurationList section */
		BF621F811EF16A13005895F0 /* Build configuration list for PBXProject "DFishTV" */ = {
			isa = XCConfigurationList;
			buildConfigurations = (
				BF621F961EF16A13005895F0 /* Debug */,
				BF621F971EF16A13005895F0 /* Release */,
			);
			defaultConfigurationIsVisible = 0;
			defaultConfigurationName = Release;
		};
		BF621F981EF16A13005895F0 /* Build configuration list for PBXNativeTarget "DFishTV" */ = {
			isa = XCConfigurationList;
			buildConfigurations = (
				BF621F991EF16A13005895F0 /* Debug */,
				BF621F9A1EF16A13005895F0 /* Release */,
			);
			defaultConfigurationIsVisible = 0;
			defaultConfigurationName = Release;
		};
/* End XCConfigurationList section */
	};
	rootObject = BF621F7E1EF16A13005895F0 /* Project object */;
}
